
Microsoft Visual Studio Solution File, Format Version 12.00
# Visual Studio 2013
VisualStudioVersion = 12.0.21005.1
MinimumVisualStudioVersion = 10.0.40219.1
Project("{FAE04EC0-301F-11D3-BF4B-00C04F79EFBC}") = "NTTool.Tests", "NTTool.Tests\NTTool.Tests.csproj", "{5F19CE9C-3FA6-4E26-A2CE-606E5B09CD70}"
EndProject
Project("{FAE04EC0-301F-11D3-BF4B-00C04F79EFBC}") = "NTTool.Core", "NTTool.Core\NTTool.Core.csproj", "{31AE0415-5B3F-4ABE-A26E-03B981240DC3}"
EndProject
Project("{FAE04EC0-301F-11D3-BF4B-00C04F79EFBC}") = "NTTool.Web", "NTTool.Web\NTTool.Web.csproj", "{B131AC46-61DC-401F-B6F6-535DBE796E76}"
EndProject
Project("{FAE04EC0-301F-11D3-BF4B-00C04F79EFBC}") = "Dashboard", "Dashboard\Dashboard.csproj", "{94CC84EF-7C54-4CB3-99E1-F47787B7054C}"
EndProject
Project("{FAE04EC0-301F-11D3-BF4B-00C04F79EFBC}") = "HitnTrail", "HitnTrail\HitnTrail.csproj", "{89110AA7-2E1D-442A-AA19-4A06FAC1B8DE}"
EndProject
Project("{FAE04EC0-301F-11D3-BF4B-00C04F79EFBC}") = "ListNetworkComputers", "..\HitnTrial\ListNetworkComputers_src\ListNetworkComputers\ListNetworkComputers.csproj", "{5746F2A7-F9A5-434A-BA65-EDC728368003}"
EndProject
Project("{FAE04EC0-301F-11D3-BF4B-00C04F79EFBC}") = "HostNIPAddr", "..\HitnTrial\Host_Info_within_Network_src\HostNIPAddr\HostNIPAddr\HostNIPAddr.csproj", "{4D412196-E6EE-4B6F-88CC-64C2A0B79712}"
EndProject
Global
	GlobalSection(SolutionConfigurationPlatforms) = preSolution
		Debug|Any CPU = Debug|Any CPU
		Release|Any CPU = Release|Any CPU
	EndGlobalSection
	GlobalSection(ProjectConfigurationPlatforms) = postSolution
		{5F19CE9C-3FA6-4E26-A2CE-606E5B09CD70}.Debug|Any CPU.ActiveCfg = Debug|Any CPU
		{5F19CE9C-3FA6-4E26-A2CE-606E5B09CD70}.Debug|Any CPU.Build.0 = Debug|Any CPU
		{5F19CE9C-3FA6-4E26-A2CE-606E5B09CD70}.Release|Any CPU.ActiveCfg = Release|Any CPU
		{5F19CE9C-3FA6-4E26-A2CE-606E5B09CD70}.Release|Any CPU.Build.0 = Release|Any CPU
		{31AE0415-5B3F-4ABE-A26E-03B981240DC3}.Debug|Any CPU.ActiveCfg = Debug|Any CPU
		{31AE0415-5B3F-4ABE-A26E-03B981240DC3}.Debug|Any CPU.Build.0 = Debug|Any CPU
		{31AE0415-5B3F-4ABE-A26E-03B981240DC3}.Release|Any CPU.ActiveCfg = Release|Any CPU
		{31AE0415-5B3F-4ABE-A26E-03B981240DC3}.Release|Any CPU.Build.0 = Release|Any CPU
		{B131AC46-61DC-401F-B6F6-535DBE796E76}.Debug|Any CPU.ActiveCfg = Debug|Any CPU
		{B131AC46-61DC-401F-B6F6-535DBE796E76}.Debug|Any CPU.Build.0 = Debug|Any CPU
		{B131AC46-61DC-401F-B6F6-535DBE796E76}.Release|Any CPU.ActiveCfg = Release|Any CPU
		{B131AC46-61DC-401F-B6F6-535DBE796E76}.Release|Any CPU.Build.0 = Release|Any CPU
		{94CC84EF-7C54-4CB3-99E1-F47787B7054C}.Debug|Any CPU.ActiveCfg = Debug|Any CPU
		{94CC84EF-7C54-4CB3-99E1-F47787B7054C}.Debug|Any CPU.Build.0 = Debug|Any CPU
		{94CC84EF-7C54-4CB3-99E1-F47787B7054C}.Release|Any CPU.ActiveCfg = Release|Any CPU
		{94CC84EF-7C54-4CB3-99E1-F47787B7054C}.Release|Any CPU.Build.0 = Release|Any CPU
		{89110AA7-2E1D-442A-AA19-4A06FAC1B8DE}.Debug|Any CPU.ActiveCfg = Debug|Any CPU
		{89110AA7-2E1D-442A-AA19-4A06FAC1B8DE}.Debug|Any CPU.Build.0 = Debug|Any CPU
		{89110AA7-2E1D-442A-AA19-4A06FAC1B8DE}.Release|Any CPU.ActiveCfg = Release|Any CPU
		{89110AA7-2E1D-442A-AA19-4A06FAC1B8DE}.Release|Any CPU.Build.0 = Release|Any CPU
		{5746F2A7-F9A5-434A-BA65-EDC728368003}.Debug|Any CPU.ActiveCfg = Debug|Any CPU
		{5746F2A7-F9A5-434A-BA65-EDC728368003}.Debug|Any CPU.Build.0 = Debug|Any CPU
		{5746F2A7-F9A5-434A-BA65-EDC728368003}.Release|Any CPU.ActiveCfg = Release|Any CPU
		{5746F2A7-F9A5-434A-BA65-EDC728368003}.Release|Any CPU.Build.0 = Release|Any CPU
		{4D412196-E6EE-4B6F-88CC-64C2A0B79712}.Debug|Any CPU.ActiveCfg = Debug|Any CPU
		{4D412196-E6EE-4B6F-88CC-64C2A0B79712}.Debug|Any CPU.Build.0 = Debug|Any CPU
		{4D412196-E6EE-4B6F-88CC-64C2A0B79712}.Release|Any CPU.ActiveCfg = Release|Any CPU
		{4D412196-E6EE-4B6F-88CC-64C2A0B79712}.Release|Any CPU.Build.0 = Release|Any CPU
	EndGlobalSection
	GlobalSection(SolutionProperties) = preSolution
		HideSolutionNode = FALSE
	EndGlobalSection
EndGlobal
